
Microsoft Visual Studio Solution File, Format Version 12.00
# Visual Studio Version 17
VisualStudioVersion = 17.10.35027.167
MinimumVisualStudioVersion = 10.0.40219.1
Project("{FAE04EC0-301F-11D3-BF4B-00C04F79EFBC}") = "Books.BL", "Books.BL\Books.BL.csproj", "{6E886517-B869-41A0-A2B1-07E2E8944678}"
EndProject
Project("{FAE04EC0-301F-11D3-BF4B-00C04F79EFBC}") = "Books.Tests", "Books.Tests\Books.Tests.csproj", "{5AF0FE56-7354-4507-88FA-94116641EB1F}"
EndProject
Project("{FAE04EC0-301F-11D3-BF4B-00C04F79EFBC}") = "Books.UI", "Books.UI\Books.UI.csproj", "{BC9F217C-1DC9-4AD3-92B4-A1005CC910F4}"
EndProject
Global
	GlobalSection(SolutionConfigurationPlatforms) = preSolution
		Debug|Any CPU = Debug|Any CPU
		Release|Any CPU = Release|Any CPU
	EndGlobalSection
	GlobalSection(ProjectConfigurationPlatforms) = postSolution
		{6E886517-B869-41A0-A2B1-07E2E8944678}.Debug|Any CPU.ActiveCfg = Debug|Any CPU
		{6E886517-B869-41A0-A2B1-07E2E8944678}.Debug|Any CPU.Build.0 = Debug|Any CPU
		{6E886517-B869-41A0-A2B1-07E2E8944678}.Release|Any CPU.ActiveCfg = Release|Any CPU
		{6E886517-B869-41A0-A2B1-07E2E8944678}.Release|Any CPU.Build.0 = Release|Any CPU
		{5AF0FE56-7354-4507-88FA-94116641EB1F}.Debug|Any CPU.ActiveCfg = Debug|Any CPU
		{5AF0FE56-7354-4507-88FA-94116641EB1F}.Debug|Any CPU.Build.0 = Debug|Any CPU
		{5AF0FE56-7354-4507-88FA-94116641EB1F}.Release|Any CPU.ActiveCfg = Release|Any CPU
		{5AF0FE56-7354-4507-88FA-94116641EB1F}.Release|Any CPU.Build.0 = Release|Any CPU
		{BC9F217C-1DC9-4AD3-92B4-A1005CC910F4}.Debug|Any CPU.ActiveCfg = Debug|Any CPU
		{BC9F217C-1DC9-4AD3-92B4-A1005CC910F4}.Debug|Any CPU.Build.0 = Debug|Any CPU
		{BC9F217C-1DC9-4AD3-92B4-A1005CC910F4}.Release|Any CPU.ActiveCfg = Release|Any CPU
		{BC9F217C-1DC9-4AD3-92B4-A1005CC910F4}.Release|Any CPU.Build.0 = Release|Any CPU
	EndGlobalSection
	GlobalSection(SolutionProperties) = preSolution
		HideSolutionNode = FALSE
	EndGlobalSection
	GlobalSection(ExtensibilityGlobals) = postSolution
		SolutionGuid = {567394B6-0DCD-4CD1-ABF4-1D5418123C82}
	EndGlobalSection
EndGlobal
